
Microsoft Visual Studio Solution File, Format Version 12.00
# Visual Studio Version 17
VisualStudioVersion = 17.5.33627.172
MinimumVisualStudioVersion = 10.0.40219.1
Project("{FAE04EC0-301F-11D3-BF4B-00C04F79EFBC}") = "QLNS_ADO.NET", "QLNS_ADO.NET.csproj", "{6A6EDE16-9FAE-4683-8A42-78B76A433F39}"
EndProject
Global
	GlobalSection(SolutionConfigurationPlatforms) = preSolution
		Debug|Any CPU = Debug|Any CPU
		Release|Any CPU = Release|Any CPU
	EndGlobalSection
	GlobalSection(ProjectConfigurationPlatforms) = postSolution
		{6A6EDE16-9FAE-4683-8A42-78B76A433F39}.Debug|Any CPU.ActiveCfg = Debug|Any CPU
		{6A6EDE16-9FAE-4683-8A42-78B76A433F39}.Debug|Any CPU.Build.0 = Debug|Any CPU
		{6A6EDE16-9FAE-4683-8A42-78B76A433F39}.Release|Any CPU.ActiveCfg = Release|Any CPU
		{6A6EDE16-9FAE-4683-8A42-78B76A433F39}.Release|Any CPU.Build.0 = Release|Any CPU
	EndGlobalSection
	GlobalSection(SolutionProperties) = preSolution
		HideSolutionNode = FALSE
	EndGlobalSection
	GlobalSection(ExtensibilityGlobals) = postSolution
		SolutionGuid = {8957F482-CA6E-4B20-B39F-CC303018A661}
	EndGlobalSection
EndGlobal
